
Microsoft Visual Studio Solution File, Format Version 12.00
# Visual Studio 2015
Project("{FAE04EC0-301F-11D3-BF4B-00C04F79EFBC}") = "CatchTheBitchV2.0.1.CSharp", "CatchTheBitchV2.0.1.CSharp.csproj", "{B888E91C-F6FB-D59B-A951-0D10146DFB58}"
EndProject
Global
	GlobalSection(SolutionConfigurationPlatforms) = preSolution
		Debug|Any CPU = Debug|Any CPU
		Release|Any CPU = Release|Any CPU
	EndGlobalSection
	GlobalSection(ProjectConfigurationPlatforms) = postSolution
		{B888E91C-F6FB-D59B-A951-0D10146DFB58}.Debug|Any CPU.ActiveCfg = Debug|Any CPU
		{B888E91C-F6FB-D59B-A951-0D10146DFB58}.Debug|Any CPU.Build.0 = Debug|Any CPU
		{B888E91C-F6FB-D59B-A951-0D10146DFB58}.Release|Any CPU.ActiveCfg = Release|Any CPU
		{B888E91C-F6FB-D59B-A951-0D10146DFB58}.Release|Any CPU.Build.0 = Release|Any CPU
	EndGlobalSection
	GlobalSection(SolutionProperties) = preSolution
		HideSolutionNode = FALSE
	EndGlobalSection
EndGlobal
