
Microsoft Visual Studio Solution File, Format Version 12.00
# Visual Studio 2015
Project("{FAE04EC0-301F-11D3-BF4B-00C04F79EFBC}") = "CatchTheBitchV2.0.2.CSharp", "CatchTheBitchV2.0.2.CSharp.csproj", "{7FF51159-7E8D-743D-8F88-D97EA949BA34}"
EndProject
Global
	GlobalSection(SolutionConfigurationPlatforms) = preSolution
		Debug|Any CPU = Debug|Any CPU
		Release|Any CPU = Release|Any CPU
	EndGlobalSection
	GlobalSection(ProjectConfigurationPlatforms) = postSolution
		{7FF51159-7E8D-743D-8F88-D97EA949BA34}.Debug|Any CPU.ActiveCfg = Debug|Any CPU
		{7FF51159-7E8D-743D-8F88-D97EA949BA34}.Debug|Any CPU.Build.0 = Debug|Any CPU
		{7FF51159-7E8D-743D-8F88-D97EA949BA34}.Release|Any CPU.ActiveCfg = Release|Any CPU
		{7FF51159-7E8D-743D-8F88-D97EA949BA34}.Release|Any CPU.Build.0 = Release|Any CPU
	EndGlobalSection
	GlobalSection(SolutionProperties) = preSolution
		HideSolutionNode = FALSE
	EndGlobalSection
EndGlobal
